
Microsoft Visual Studio Solution File, Format Version 12.00
# Visual Studio 2013
VisualStudioVersion = 12.0.21005.1
MinimumVisualStudioVersion = 10.0.40219.1
Project("{FAE04EC0-301F-11D3-BF4B-00C04F79EFBC}") = "ImageToPdf", "ImageToPdf\ImageToPdf.csproj", "{88D61229-8CB1-4FBF-8183-D5E3F5147A63}"
EndProject
Project("{FAE04EC0-301F-11D3-BF4B-00C04F79EFBC}") = "ConsoleApplication1", "ConsoleApplication1\ConsoleApplication1.csproj", "{CDA8E034-CE94-4159-84B1-EFA6DD2C18A7}"
EndProject
Global
	GlobalSection(SolutionConfigurationPlatforms) = preSolution
		Debug|Any CPU = Debug|Any CPU
		Debug|ARM = Debug|ARM
		Debug|x64 = Debug|x64
		Debug|x86 = Debug|x86
		Release|Any CPU = Release|Any CPU
		Release|ARM = Release|ARM
		Release|x64 = Release|x64
		Release|x86 = Release|x86
	EndGlobalSection
	GlobalSection(ProjectConfigurationPlatforms) = postSolution
		{88D61229-8CB1-4FBF-8183-D5E3F5147A63}.Debug|Any CPU.ActiveCfg = Debug|Any CPU
		{88D61229-8CB1-4FBF-8183-D5E3F5147A63}.Debug|Any CPU.Build.0 = Debug|Any CPU
		{88D61229-8CB1-4FBF-8183-D5E3F5147A63}.Debug|ARM.ActiveCfg = Debug|Any CPU
		{88D61229-8CB1-4FBF-8183-D5E3F5147A63}.Debug|x64.ActiveCfg = Debug|Any CPU
		{88D61229-8CB1-4FBF-8183-D5E3F5147A63}.Debug|x86.ActiveCfg = Debug|Any CPU
		{88D61229-8CB1-4FBF-8183-D5E3F5147A63}.Release|Any CPU.ActiveCfg = Release|Any CPU
		{88D61229-8CB1-4FBF-8183-D5E3F5147A63}.Release|Any CPU.Build.0 = Release|Any CPU
		{88D61229-8CB1-4FBF-8183-D5E3F5147A63}.Release|ARM.ActiveCfg = Release|Any CPU
		{88D61229-8CB1-4FBF-8183-D5E3F5147A63}.Release|x64.ActiveCfg = Release|Any CPU
		{88D61229-8CB1-4FBF-8183-D5E3F5147A63}.Release|x86.ActiveCfg = Release|Any CPU
		{CDA8E034-CE94-4159-84B1-EFA6DD2C18A7}.Debug|Any CPU.ActiveCfg = Debug|Any CPU
		{CDA8E034-CE94-4159-84B1-EFA6DD2C18A7}.Debug|Any CPU.Build.0 = Debug|Any CPU
		{CDA8E034-CE94-4159-84B1-EFA6DD2C18A7}.Debug|ARM.ActiveCfg = Debug|Any CPU
		{CDA8E034-CE94-4159-84B1-EFA6DD2C18A7}.Debug|x64.ActiveCfg = Debug|Any CPU
		{CDA8E034-CE94-4159-84B1-EFA6DD2C18A7}.Debug|x86.ActiveCfg = Debug|Any CPU
		{CDA8E034-CE94-4159-84B1-EFA6DD2C18A7}.Release|Any CPU.ActiveCfg = Release|Any CPU
		{CDA8E034-CE94-4159-84B1-EFA6DD2C18A7}.Release|Any CPU.Build.0 = Release|Any CPU
		{CDA8E034-CE94-4159-84B1-EFA6DD2C18A7}.Release|ARM.ActiveCfg = Release|Any CPU
		{CDA8E034-CE94-4159-84B1-EFA6DD2C18A7}.Release|x64.ActiveCfg = Release|Any CPU
		{CDA8E034-CE94-4159-84B1-EFA6DD2C18A7}.Release|x86.ActiveCfg = Release|Any CPU
	EndGlobalSection
	GlobalSection(SolutionProperties) = preSolution
		HideSolutionNode = FALSE
	EndGlobalSection
EndGlobal
